// !$*UTF8*$!
{
	archiveVersion = 1;
	classes = {
	};
	objectVersion = 46;
	objects = {

/* Begin PBXBuildFile section */
		63F4A6971EA8852E002D1272 /* main.m in Sources */ = {isa = PBXBuildFile; fileRef = 63F4A6961EA8852E002D1272 /* main.m */; };
		63F4A69A1EA8852E002D1272 /* AppDelegate.m in Sources */ = {isa = PBXBuildFile; fileRef = 63F4A6991EA8852E002D1272 /* AppDelegate.m */; };
		63F4A69D1EA8852E002D1272 /* ViewController.m in Sources */ = {isa = PBXBuildFile; fileRef = 63F4A69C1EA8852E002D1272 /* ViewController.m */; };
		63F4A6A01EA8852E002D1272 /* Main.storyboard in Resources */ = {isa = PBXBuildFile; fileRef = 63F4A69E1EA8852E002D1272 /* Main.storyboard */; };
		63F4A6A21EA8852E002D1272 /* Assets.xcassets in Resources */ = {isa = PBXBuildFile; fileRef = 63F4A6A11EA8852E002D1272 /* Assets.xcassets */; };
		63F4A6A51EA8852E002D1272 /* LaunchScreen.storyboard in Resources */ = {isa = PBXBuildFile; fileRef = 63F4A6A31EA8852E002D1272 /* LaunchScreen.storyboard */; };
/* End PBXBuildFile section */

/* Begin PBXFileReference section */
		63F4A6921EA8852E002D1272 /* YJTransformerExample.app */ = {isa = PBXFileReference; explicitFileType = wrapper.application; includeInIndex = 0; path = YJTransformerExample.app; sourceTree = BUILT_PRODUCTS_DIR; };
		63F4A6961EA8852E002D1272 /* main.m */ = {isa = PBXFileReference; lastKnownFileType = sourcecode.c.objc; path = main.m; sourceTree = "<group>"; };
		63F4A6981EA8852E002D1272 /* AppDelegate.h */ = {isa = PBXFileReference; lastKnownFileType = sourcecode.c.h; path = AppDelegate.h; sourceTree = "<group>"; };
		63F4A6991EA8852E002D1272 /* AppDelegate.m */ = {isa = PBXFileReference; lastKnownFileType = sourcecode.c.objc; path = AppDelegate.m; sourceTree = "<group>"; };
		63F4A69B1EA8852E002D1272 /* ViewController.h */ = {isa = PBXFileReference; lastKnownFileType = sourcecode.c.h; path = ViewController.h; sourceTree = "<group>"; };
		63F4A69C1EA8852E002D1272 /* ViewController.m */ = {isa = PBXFileReference; lastKnownFileType = sourcecode.c.objc; path = ViewController.m; sourceTree = "<group>"; };
		63F4A69F1EA8852E002D1272 /* Base */ = {isa = PBXFileReference; lastKnownFileType = file.storyboard; name = Base; path = Base.lproj/Main.storyboard; sourceTree = "<group>"; };
		63F4A6A11EA8852E002D1272 /* Assets.xcassets */ = {isa = PBXFileReference; lastKnownFileType = folder.assetcatalog; path = Assets.xcassets; sourceTree = "<group>"; };
		63F4A6A41EA8852E002D1272 /* Base */ = {isa = PBXFileReference; lastKnownFileType = file.storyboard; name = Base; path = Base.lproj/LaunchScreen.storyboard; sourceTree = "<group>"; };
		63F4A6A61EA8852E002D1272 /* Info.plist */ = {isa = PBXFileReference; lastKnownFileType = text.plist.xml; path = Info.plist; sourceTree = "<group>"; };
/* End PBXFileReference section */

/* Begin PBXFrameworksBuildPhase section */
		63F4A68F1EA8852E002D1272 /* Frameworks */ = {
			isa = PBXFrameworksBuildPhase;
			buildActionMask = 2147483647;
			files = (
			);
			runOnlyForDeploymentPostprocessing = 0;
		};
/* End PBXFrameworksBuildPhase section */

/* Begin PBXGroup section */
		63F4A6891EA8852D002D1272 = {
			isa = PBXGroup;
			children = (
				63F4A6941EA8852E002D1272 /* YJTransformerExample */,
				63F4A6931EA8852E002D1272 /* Products */,
			);
			sourceTree = "<group>";
		};
		63F4A6931EA8852E002D1272 /* Products */ = {
			isa = PBXGroup;
			children = (
				63F4A6921EA8852E002D1272 /* YJTransformerExample.app */,
			);
			name = Products;
			sourceTree = "<group>";
		};
		63F4A6941EA8852E002D1272 /* YJTransformerExample */ = {
			isa = PBXGroup;
			children = (
				63F4A6981EA8852E002D1272 /* AppDelegate.h */,
				63F4A6991EA8852E002D1272 /* AppDelegate.m */,
				63F4A69B1EA8852E002D1272 /* ViewController.h */,
				63F4A69C1EA8852E002D1272 /* ViewController.m */,
				63F4A6951EA8852E002D1272 /* Supporting Files */,
			);
			path = YJTransformerExample;
			sourceTree = "<group>";
		};
		63F4A6951EA8852E002D1272 /* Supporting Files */ = {
			isa = PBXGroup;
			children = (
				63F4A69E1EA8852E002D1272 /* Main.storyboard */,
				63F4A6A11EA8852E002D1272 /* Assets.xcassets */,
				63F4A6A31EA8852E002D1272 /* LaunchScreen.storyboard */,
				63F4A6A61EA8852E002D1272 /* Info.plist */,
				63F4A6961EA8852E002D1272 /* main.m */,
			);
			name = "Supporting Files";
			sourceTree = "<group>";
		};
/* End PBXGroup section */

/* Begin PBXNativeTarget section */
		63F4A6911EA8852E002D1272 /* YJTransformerExample */ = {
			isa = PBXNativeTarget;
			buildConfigurationList = 63F4A6A91EA8852E002D1272 /* Build configuration list for PBXNativeTarget "YJTransformerExample" */;
			buildPhases = (
				63F4A68E1EA8852E002D1272 /* Sources */,
				63F4A68F1EA8852E002D1272 /* Frameworks */,
				63F4A6901EA8852E002D1272 /* Resources */,
			);
			buildRules = (
			);
			dependencies = (
			);
			name = YJTransformerExample;
			productName = YJTransformerExample;
			productReference = 63F4A6921EA8852E002D1272 /* YJTransformerExample.app */;
			productType = "com.apple.product-type.application";
		};
/* End PBXNativeTarget section */

/* Begin PBXProject section */
		63F4A68A1EA8852D002D1272 /* Project object */ = {
			isa = PBXProject;
			attributes = {
				LastUpgradeCheck = 0830;
				ORGANIZATIONNAME = YJHou;
				TargetAttributes = {
					63F4A6911EA8852E002D1272 = {
						CreatedOnToolsVersion = 8.3.1;
						DevelopmentTeam = 33JZ8ZWGJN;
						ProvisioningStyle = Automatic;
					};
				};
			};
			buildConfigurationList = 63F4A68D1EA8852D002D1272 /* Build configuration list for PBXProject "YJTransformerExample" */;
			compatibilityVersion = "Xcode 3.2";
			developmentRegion = English;
			hasScannedForEncodings = 0;
			knownRegions = (
				en,
				Base,
			);
			mainGroup = 63F4A6891EA8852D002D1272;
			productRefGroup = 63F4A6931EA8852E002D1272 /* Products */;
			projectDirPath = "";
			projectRoot = "";
			targets = (
				63F4A6911EA8852E002D1272 /* YJTransformerExample */,
			);
		};
/* End PBXProject section */

/* Begin PBXResourcesBuildPhase section */
		63F4A6901EA8852E002D1272 /* Resources */ = {
			isa = PBXResourcesBuildPhase;
			buildActionMask = 2147483647;
			files = (
				63F4A6A51EA8852E002D1272 /* LaunchScreen.storyboard in Resources */,
				63F4A6A21EA8852E002D1272 /* Assets.xcassets in Resources */,
				63F4A6A01EA8852E002D1272 /* Main.storyboard in Resources */,
			);
			runOnlyForDeploymentPostprocessing = 0;
		};
/* End PBXResourcesBuildPhase section */

/* Begin PBXSourcesBuildPhase section */
		63F4A68E1EA8852E002D1272 /* Sources */ = {
			isa = PBXSourcesBuildPhase;
			buildActionMask = 2147483647;
			files = (
				63F4A69D1EA8852E002D1272 /* ViewController.m in Sources */,
				63F4A69A1EA8852E002D1272 /* AppDelegate.m in Sources */,
				63F4A6971EA8852E002D1272 /* main.m in Sources */,
			);
			runOnlyForDeploymentPostprocessing = 0;
		};
/* End PBXSourcesBuildPhase section */

/* Begin PBXVariantGroup section */
		63F4A69E1EA8852E002D1272 /* Main.storyboard */ = {
			isa = PBXVariantGroup;
			children = (
				63F4A69F1EA8852E002D1272 /* Base */,
			);
			name = Main.storyboard;
			sourceTree = "<group>";
		};
		63F4A6A31EA8852E002D1272 /* LaunchScreen.storyboard */ = {
			isa = PBXVariantGroup;
			children = (
				63F4A6A41EA8852E002D1272 /* Base */,
			);
			name = LaunchScreen.storyboard;
			sourceTree = "<group>";
		};
/* End PBXVariantGroup section */

/* Begin XCBuildConfiguration section */
		63F4A6A71EA8852E002D1272 /* Debug */ = {
			isa = XCBuildConfiguration;
			buildSettings = {
				ALWAYS_SEARCH_USER_PATHS = NO;
				CLANG_ANALYZER_NONNULL = YES;
				CLANG_ANALYZER_NUMBER_OBJECT_CONVERSION = YES_AGGRESSIVE;
				CLANG_CXX_LANGUAGE_STANDARD = "gnu++0x";
				CLANG_CXX_LIBRARY = "libc++";
				CLANG_ENABLE_MODULES = YES;
				CLANG_ENABLE_OBJC_ARC = YES;
				CLANG_WARN_BOOL_CONVERSION = YES;
				CLANG_WARN_CONSTANT_CONVERSION = YES;
				CLANG_WARN_DIRECT_OBJC_ISA_USAGE = YES_ERROR;
				CLANG_WARN_DOCUMENTATION_COMMENTS = YES;
				CLANG_WARN_EMPTY_BODY = YES;
				CLANG_WARN_ENUM_CONVERSION = YES;
				CLANG_WARN_INFINITE_RECURSION = YES;
				CLANG_WARN_INT_CONVERSION = YES;
				CLANG_WARN_OBJC_ROOT_CLASS = YES_ERROR;
				CLANG_WARN_SUSPICIOUS_MOVE = YES;
				CLANG_WARN_UNREACHABLE_CODE = YES;
				CLANG_WARN__DUPLICATE_METHOD_MATCH = YES;
				"CODE_SIGN_IDENTITY[sdk=iphoneos*]" = "iPhone Developer";
				COPY_PHASE_STRIP = NO;
				DEBUG_INFORMATION_FORMAT = dwarf;
				ENABLE_STRICT_OBJC_MSGSEND = YES;
				ENABLE_TESTABILITY = YES;
				GCC_C_LANGUAGE_STANDARD = gnu99;
				GCC_DYNAMIC_NO_PIC = NO;
				GCC_NO_COMMON_BLOCKS = YES;
				GCC_OPTIMIZATION_LEVEL = 0;
				GCC_PREPROCESSOR_DEFINITIONS = (
					"DEBUG=1",
					"$(inherited)",
				);
				GCC_WARN_64_TO_32_BIT_CONVERSION = YES;
				GCC_WARN_ABOUT_RETURN_TYPE = YES_ERROR;
				GCC_WARN_UNDECLARED_SELECTOR = YES;
				GCC_WARN_UNINITIALIZED_AUTOS = YES_AGGRESSIVE;
				GCC_WARN_UNUSED_FUNCTION = YES;
				GCC_WARN_UNUSED_VARIABLE = YES;
				IPHONEOS_DEPLOYMENT_TARGET = 10.3;
				MTL_ENABLE_DEBUG_INFO = YES;
				ONLY_ACTIVE_ARCH = YES;
				SDKROOT = iphoneos;
			};
			name = Debug;
		};
		63F4A6A81EA8852E002D1272 /* Release */ = {
			isa = XCBuildConfiguration;
			buildSettings = {
				ALWAYS_SEARCH_USER_PATHS = NO;
				CLANG_ANALYZER_NONNULL = YES;
				CLANG_ANALYZER_NUMBER_OBJECT_CONVERSION = YES_AGGRESSIVE;
				CLANG_CXX_LANGUAGE_STANDARD = "gnu++0x";
				CLANG_CXX_LIBRARY = "libc++";
				CLANG_ENABLE_MODULES = YES;
				CLANG_ENABLE_OBJC_ARC = YES;
				CLANG_WARN_BOOL_CONVERSION = YES;
				CLANG_WARN_CONSTANT_CONVERSION = YES;
				CLANG_WARN_DIRECT_OBJC_ISA_USAGE = YES_ERROR;
				CLANG_WARN_DOCUMENTATION_COMMENTS = YES;
				CLANG_WARN_EMPTY_BODY = YES;
				CLANG_WARN_ENUM_CONVERSION = YES;
				CLANG_WARN_INFINITE_RECURSION = YES;
				CLANG_WARN_INT_CONVERSION = YES;
				CLANG_WARN_OBJC_ROOT_CLASS = YES_ERROR;
				CLANG_WARN_SUSPICIOUS_MOVE = YES;
				CLANG_WARN_UNREACHABLE_CODE = YES;
				CLANG_WARN__DUPLICATE_METHOD_MATCH = YES;
				"CODE_SIGN_IDENTITY[sdk=iphoneos*]" = "iPhone Developer";
				COPY_PHASE_STRIP = NO;
				DEBUG_INFORMATION_FORMAT = "dwarf-with-dsym";
				ENABLE_NS_ASSERTIONS = NO;
				ENABLE_STRICT_OBJC_MSGSEND = YES;
				GCC_C_LANGUAGE_STANDARD = gnu99;
				GCC_NO_COMMON_BLOCKS = YES;
				GCC_WARN_64_TO_32_BIT_CONVERSION = YES;
				GCC_WARN_ABOUT_RETURN_TYPE = YES_ERROR;
				GCC_WARN_UNDECLARED_SELECTOR = YES;
				GCC_WARN_UNINITIALIZED_AUTOS = YES_AGGRESSIVE;
				GCC_WARN_UNUSED_FUNCTION = YES;
				GCC_WARN_UNUSED_VARIABLE = YES;
				IPHONEOS_DEPLOYMENT_TARGET = 10.3;
				MTL_ENABLE_DEBUG_INFO = NO;
				SDKROOT = iphoneos;
				VALIDATE_PRODUCT = YES;
			};
			name = Release;
		};
		63F4A6AA1EA8852E002D1272 /* Debug */ = {
			isa = XCBuildConfiguration;
			buildSettings = {
				ASSETCATALOG_COMPILER_APPICON_NAME = AppIcon;
				"CODE_SIGN_IDENTITY[sdk=iphoneos*]" = "iPhone Developer";
				DEVELOPMENT_TEAM = 33JZ8ZWGJN;
				INFOPLIST_FILE = YJTransformerExample/Info.plist;
				LD_RUNPATH_SEARCH_PATHS = "$(inherited) @executable_path/Frameworks";
				PRODUCT_BUNDLE_IDENTIFIER = com.houmanager.demo;
				PRODUCT_NAME = "$(TARGET_NAME)";
				PROVISIONING_PROFILE_SPECIFIER = "";
			};
			name = Debug;
		};
		63F4A6AB1EA8852E002D1272 /* Release */ = {
			isa = XCBuildConfiguration;
			buildSettings = {
				ASSETCATALOG_COMPILER_APPICON_NAME = AppIcon;
				"CODE_SIGN_IDENTITY[sdk=iphoneos*]" = "iPhone Developer";
				DEVELOPMENT_TEAM = 33JZ8ZWGJN;
				INFOPLIST_FILE = YJTransformerExample/Info.plist;
				LD_RUNPATH_SEARCH_PATHS = "$(inherited) @executable_path/Frameworks";
				PRODUCT_BUNDLE_IDENTIFIER = com.houmanager.demo;
				PRODUCT_NAME = "$(TARGET_NAME)";
				PROVISIONING_PROFILE_SPECIFIER = "";
			};
			name = Release;
		};
/* End XCBuildConfiguration section */

/* Begin XCConfigurationList section */
		63F4A68D1EA8852D002D1272 /* Build configuration list for PBXProject "YJTransformerExample" */ = {
			isa = XCConfigurationList;
			buildConfigurations = (
				63F4A6A71EA8852E002D1272 /* Debug */,
				63F4A6A81EA8852E002D1272 /* Release */,
			);
			defaultConfigurationIsVisible = 0;
			defaultConfigurationName = Release;
		};
		63F4A6A91EA8852E002D1272 /* Build configuration list for PBXNativeTarget "YJTransformerExample" */ = {
			isa = XCConfigurationList;
			buildConfigurations = (
				63F4A6AA1EA8852E002D1272 /* Debug */,
				63F4A6AB1EA8852E002D1272 /* Release */,
			);
			defaultConfigurationIsVisible = 0;
		};
/* End XCConfigurationList section */
	};
	rootObject = 63F4A68A1EA8852D002D1272 /* Project object */;
}
